
Microsoft Visual Studio Solution File, Format Version 12.00
# Visual Studio Version 16
VisualStudioVersion = 16.0.31829.152
MinimumVisualStudioVersion = 10.0.40219.1
Project("{FAE04EC0-301F-11D3-BF4B-00C04F79EFBC}") = "RUAP_LV4", "RUAP_LV4\RUAP_LV4.csproj", "{38D8D20E-04B2-4570-A541-1428013AED56}"
EndProject
Global
	GlobalSection(SolutionConfigurationPlatforms) = preSolution
		Debug|Any CPU = Debug|Any CPU
		Release|Any CPU = Release|Any CPU
	EndGlobalSection
	GlobalSection(ProjectConfigurationPlatforms) = postSolution
		{38D8D20E-04B2-4570-A541-1428013AED56}.Debug|Any CPU.ActiveCfg = Debug|Any CPU
		{38D8D20E-04B2-4570-A541-1428013AED56}.Debug|Any CPU.Build.0 = Debug|Any CPU
		{38D8D20E-04B2-4570-A541-1428013AED56}.Release|Any CPU.ActiveCfg = Release|Any CPU
		{38D8D20E-04B2-4570-A541-1428013AED56}.Release|Any CPU.Build.0 = Release|Any CPU
	EndGlobalSection
	GlobalSection(SolutionProperties) = preSolution
		HideSolutionNode = FALSE
	EndGlobalSection
	GlobalSection(ExtensibilityGlobals) = postSolution
		SolutionGuid = {1B53FE84-AF50-410F-9868-2E530A172A25}
	EndGlobalSection
EndGlobal
